
Microsoft Visual Studio Solution File, Format Version 12.00
# Visual Studio 15
VisualStudioVersion = 15.0.28307.645
MinimumVisualStudioVersion = 10.0.40219.1
Project("{FAE04EC0-301F-11D3-BF4B-00C04F79EFBC}") = "ACRS", "ACRS\ACRS.csproj", "{831CAA36-C38C-441A-AC53-E6BDDB40BE8B}"
EndProject
Project("{FAE04EC0-301F-11D3-BF4B-00C04F79EFBC}") = "BusinessLogic", "BusinessLogic\BusinessLogic.csproj", "{10683CC9-D79F-4785-AB46-5EDD7DDFAE7A}"
EndProject
Project("{FAE04EC0-301F-11D3-BF4B-00C04F79EFBC}") = "DataAccess", "DataAccess\DataAccess.csproj", "{D3FD4D13-3447-4909-9718-173A5F227CF5}"
EndProject
Global
	GlobalSection(SolutionConfigurationPlatforms) = preSolution
		Debug|Any CPU = Debug|Any CPU
		Release|Any CPU = Release|Any CPU
	EndGlobalSection
	GlobalSection(ProjectConfigurationPlatforms) = postSolution
		{831CAA36-C38C-441A-AC53-E6BDDB40BE8B}.Debug|Any CPU.ActiveCfg = Debug|Any CPU
		{831CAA36-C38C-441A-AC53-E6BDDB40BE8B}.Debug|Any CPU.Build.0 = Debug|Any CPU
		{831CAA36-C38C-441A-AC53-E6BDDB40BE8B}.Release|Any CPU.ActiveCfg = Release|Any CPU
		{831CAA36-C38C-441A-AC53-E6BDDB40BE8B}.Release|Any CPU.Build.0 = Release|Any CPU
		{10683CC9-D79F-4785-AB46-5EDD7DDFAE7A}.Debug|Any CPU.ActiveCfg = Debug|Any CPU
		{10683CC9-D79F-4785-AB46-5EDD7DDFAE7A}.Debug|Any CPU.Build.0 = Debug|Any CPU
		{10683CC9-D79F-4785-AB46-5EDD7DDFAE7A}.Release|Any CPU.ActiveCfg = Release|Any CPU
		{10683CC9-D79F-4785-AB46-5EDD7DDFAE7A}.Release|Any CPU.Build.0 = Release|Any CPU
		{D3FD4D13-3447-4909-9718-173A5F227CF5}.Debug|Any CPU.ActiveCfg = Debug|Any CPU
		{D3FD4D13-3447-4909-9718-173A5F227CF5}.Debug|Any CPU.Build.0 = Debug|Any CPU
		{D3FD4D13-3447-4909-9718-173A5F227CF5}.Release|Any CPU.ActiveCfg = Release|Any CPU
		{D3FD4D13-3447-4909-9718-173A5F227CF5}.Release|Any CPU.Build.0 = Release|Any CPU
	EndGlobalSection
	GlobalSection(SolutionProperties) = preSolution
		HideSolutionNode = FALSE
	EndGlobalSection
	GlobalSection(ExtensibilityGlobals) = postSolution
		SolutionGuid = {689DD173-A4BF-4B79-B0B1-D8D17C031659}
	EndGlobalSection
EndGlobal
